{
  "version": 4,
  "terraform_version": "1.7.2",
  "serial": 4,
  "lineage": "b816cbbb-ec79-19a6-7ad9-805d970492fa",
  "outputs": {
    "vault_address": {
      "value": true,
      "type": "bool"
    }
  },
  "resources": [
    {
      "mode": "managed",
      "type": "hcp_hvn",
      "name": "dtcc_hvn",
      "provider": "provider[\"registry.terraform.io/hashicorp/hcp\"]",
      "instances": [
        {
          "schema_version": 0,
          "attributes": {
            "cidr_block": "172.25.16.0/20",
            "cloud_provider": "aws",
            "created_at": "2024-05-20T19:54:58.000Z",
            "hvn_id": "dtcc-dev-hvn",
            "id": "/project/b854430b-0232-4270-96b2-21e6025fdc88/hashicorp.network.hvn/dtcc-dev-hvn",
            "organization_id": "48496542-6cf5-4abe-ab76-147127b9903e",
            "project_id": "b854430b-0232-4270-96b2-21e6025fdc88",
            "provider_account_id": "739317119049",
            "region": "us-west-2",
            "self_link": "/project/b854430b-0232-4270-96b2-21e6025fdc88/hashicorp.network.hvn/dtcc-dev-hvn",
            "state": "STABLE",
            "timeouts": {
              "create": "30m",
              "default": null,
              "delete": "30m"
            }
          },
          "sensitive_attributes": [],
          "private": "eyJlMmJmYjczMC1lY2FhLTExZTYtOGY4OC0zNDM2M2JjN2M0YzAiOnsiY3JlYXRlIjoxODAwMDAwMDAwMDAwLCJkZWZhdWx0Ijo2MDAwMDAwMDAwMCwiZGVsZXRlIjoxODAwMDAwMDAwMDAwLCJyZWFkIjo2MDAwMDAwMDAwMCwidXBkYXRlIjo2MDAwMDAwMDAwMH19"
        }
      ]
    },
    {
      "mode": "managed",
      "type": "hcp_vault_cluster",
      "name": "dtcc_dev_cluster",
      "provider": "provider[\"registry.terraform.io/hashicorp/hcp\"]",
      "instances": [
        {
          "schema_version": 0,
          "attributes": {
            "audit_log_config": [],
            "cloud_provider": "aws",
            "cluster_id": "dtcc-dev-cluster",
            "created_at": "2024-05-20T19:55:39.156Z",
            "hvn_id": "dtcc-dev-hvn",
            "id": "/project/b854430b-0232-4270-96b2-21e6025fdc88/hashicorp.vault.cluster/dtcc-dev-cluster",
            "ip_allowlist": [],
            "major_version_upgrade_config": [
              {
                "maintenance_window_day": "",
                "maintenance_window_time": "",
                "upgrade_type": "AUTOMATIC"
              }
            ],
            "metrics_config": [],
            "min_vault_version": null,
            "namespace": "admin",
            "organization_id": "48496542-6cf5-4abe-ab76-147127b9903e",
            "paths_filter": null,
            "primary_link": null,
            "project_id": "b854430b-0232-4270-96b2-21e6025fdc88",
            "proxy_endpoint": "DISABLED",
            "public_endpoint": true,
            "region": "us-west-2",
            "self_link": "/project/b854430b-0232-4270-96b2-21e6025fdc88/hashicorp.vault.cluster/dtcc-dev-cluster",
            "state": "RUNNING",
            "tier": "DEV",
            "timeouts": {
              "create": "30m",
              "default": null,
              "delete": "30m",
              "update": null
            },
            "vault_private_endpoint_url": "https://dtcc-dev-cluster-private-vault-f65b6eeb.f9ea7cac.z1.hashicorp.cloud:8200",
            "vault_proxy_endpoint_url": "",
            "vault_public_endpoint_url": "https://dtcc-dev-cluster-public-vault-f65b6eeb.f9ea7cac.z1.hashicorp.cloud:8200",
            "vault_version": "v1.15.8"
          },
          "sensitive_attributes": [],
          "private": "eyJlMmJmYjczMC1lY2FhLTExZTYtOGY4OC0zNDM2M2JjN2M0YzAiOnsiY3JlYXRlIjoxODAwMDAwMDAwMDAwLCJkZWZhdWx0IjozMDAwMDAwMDAwMDAsImRlbGV0ZSI6MTgwMDAwMDAwMDAwMCwicmVhZCI6MzAwMDAwMDAwMDAwLCJ1cGRhdGUiOjQ1MDAwMDAwMDAwMDB9fQ==",
          "dependencies": [
            "hcp_hvn.dtcc_hvn"
          ]
        }
      ]
    },
    {
      "mode": "managed",
      "type": "hcp_vault_cluster_admin_token",
      "name": "admin_token",
      "provider": "provider[\"registry.terraform.io/hashicorp/hcp\"]",
      "instances": []
    }
  ],
  "check_results": null
}
