{
  "version": 4,
  "terraform_version": "1.7.2",
  "serial": 28,
  "lineage": "5ef09da6-cc67-d42e-9b3c-6424336ec62f",
  "outputs": {
    "kv_mount_path": {
      "value": "secret",
      "type": "string"
    },
    "namespace_name": {
      "value": {
        "custom_metadata": {},
        "id": "admin/manitst/",
        "namespace": null,
        "namespace_id": "DQjwx",
        "path": "manitst",
        "path_fq": "manitst"
      },
      "type": [
        "object",
        {
          "custom_metadata": [
            "map",
            "string"
          ],
          "id": "string",
          "namespace": "string",
          "namespace_id": "string",
          "path": "string",
          "path_fq": "string"
        }
      ]
    },
    "namespace_path": {
      "value": "manitst",
      "type": "string"
    },
    "namespace_token": {
      "value": "0JdBaHrw6n6rwLCYRrEg6BWv.Tihxz",
      "type": "string",
      "sensitive": true
    }
  },
  "resources": [
    {
      "mode": "managed",
      "type": "random_password",
      "name": "password",
      "provider": "provider[\"registry.terraform.io/hashicorp/random\"]",
      "instances": [
        {
          "schema_version": 3,
          "attributes": {
            "bcrypt_hash": "$2a$10$y0DTXWarnAq4cUKVmrgV4uccCngjhIHI3Igjl8hzSlyq/4Ve1psPe",
            "id": "none",
            "keepers": null,
            "length": 10,
            "lower": true,
            "min_lower": 0,
            "min_numeric": 0,
            "min_special": 0,
            "min_upper": 0,
            "number": true,
            "numeric": true,
            "override_special": "!#$%\u0026*()-_=+[]{}\u003c\u003e:?",
            "result": "G}e$Rhq+AO",
            "special": true,
            "upper": true
          },
          "sensitive_attributes": []
        }
      ]
    },
    {
      "mode": "managed",
      "type": "random_string",
      "name": "random",
      "provider": "provider[\"registry.terraform.io/hashicorp/random\"]",
      "instances": [
        {
          "schema_version": 2,
          "attributes": {
            "id": "GlN8hNaNQ09o",
            "keepers": null,
            "length": 12,
            "lower": true,
            "min_lower": 0,
            "min_numeric": 0,
            "min_special": 0,
            "min_upper": 0,
            "number": true,
            "numeric": true,
            "override_special": null,
            "result": "GlN8hNaNQ09o",
            "special": false,
            "upper": true
          },
          "sensitive_attributes": []
        }
      ]
    },
    {
      "mode": "managed",
      "type": "vault_namespace",
      "name": "namespace",
      "provider": "provider[\"registry.terraform.io/hashicorp/vault\"]",
      "instances": [
        {
          "schema_version": 0,
          "attributes": {
            "custom_metadata": {},
            "id": "admin/manitst/",
            "namespace": null,
            "namespace_id": "DQjwx",
            "path": "manitst",
            "path_fq": "manitst"
          },
          "sensitive_attributes": [],
          "private": "bnVsbA=="
        }
      ]
    },
    {
      "mode": "managed",
      "type": "vault_policy",
      "name": "namespace_policy",
      "provider": "provider[\"registry.terraform.io/hashicorp/vault\"]",
      "instances": [
        {
          "schema_version": 0,
          "attributes": {
            "id": "dtcc-test-policy",
            "name": "dtcc-test-policy",
            "namespace": null,
            "policy": "path \"secret/data/dev/*\" \"secret/data/aws/dev/*\" \"secret/data/azure/dev/*\" {\r\n  capabilities = [\"create\", \"read\", \"update\", \"list\"]\r\n}\r\n"
          },
          "sensitive_attributes": [],
          "private": "bnVsbA=="
        }
      ]
    },
    {
      "mode": "managed",
      "type": "vault_token",
      "name": "namespace_token",
      "provider": "provider[\"registry.terraform.io/hashicorp/vault\"]",
      "instances": [
        {
          "schema_version": 0,
          "attributes": {
            "client_token": "hvs.CAESIEnBC3L6SNysMxSbOpImpEbaRlE3VJHDKjxaQUehZuikGicKImh2cy41N2kybzJOTTdnenNUZnlyekk1YzZ6NnouVGloeHoQ4Bk",
            "display_name": "token",
            "explicit_max_ttl": null,
            "id": "0JdBaHrw6n6rwLCYRrEg6BWv.Tihxz",
            "lease_duration": 3599,
            "lease_started": "2024-05-21T06:08:45Z",
            "metadata": {},
            "namespace": null,
            "no_default_policy": null,
            "no_parent": false,
            "num_uses": 0,
            "period": null,
            "policies": [
              "dtcc-test-policy"
            ],
            "renew_increment": null,
            "renew_min_lease": null,
            "renewable": true,
            "role_name": null,
            "ttl": null,
            "wrapped_token": null,
            "wrapping_accessor": null,
            "wrapping_ttl": null
          },
          "sensitive_attributes": [],
          "private": "bnVsbA==",
          "dependencies": [
            "vault_policy.namespace_policy"
          ]
        }
      ]
    }
  ],
  "check_results": null
}
